
Microsoft Visual Studio Solution File, Format Version 12.00
# Visual Studio Version 17
VisualStudioVersion = 17.1.32228.430
MinimumVisualStudioVersion = 10.0.40219.1
Project("{FAE04EC0-301F-11D3-BF4B-00C04F79EFBC}") = "MyOnlineShop", "MyOnlineShop\MyOnlineShop.csproj", "{76052C7F-FEA6-463A-9987-C22BF23B37DB}"
EndProject
Global
	GlobalSection(SolutionConfigurationPlatforms) = preSolution
		Debug|Any CPU = Debug|Any CPU
		Release|Any CPU = Release|Any CPU
	EndGlobalSection
	GlobalSection(ProjectConfigurationPlatforms) = postSolution
		{76052C7F-FEA6-463A-9987-C22BF23B37DB}.Debug|Any CPU.ActiveCfg = Debug|Any CPU
		{76052C7F-FEA6-463A-9987-C22BF23B37DB}.Debug|Any CPU.Build.0 = Debug|Any CPU
		{76052C7F-FEA6-463A-9987-C22BF23B37DB}.Release|Any CPU.ActiveCfg = Release|Any CPU
		{76052C7F-FEA6-463A-9987-C22BF23B37DB}.Release|Any CPU.Build.0 = Release|Any CPU
	EndGlobalSection
	GlobalSection(SolutionProperties) = preSolution
		HideSolutionNode = FALSE
	EndGlobalSection
	GlobalSection(ExtensibilityGlobals) = postSolution
		SolutionGuid = {1780DA4C-7755-461F-B4C7-8CC099391DA6}
	EndGlobalSection
EndGlobal
